
Microsoft Visual Studio Solution File, Format Version 12.00
# Visual Studio Version 16
VisualStudioVersion = 16.0.30611.23
MinimumVisualStudioVersion = 10.0.40219.1
Project("{FAE04EC0-301F-11D3-BF4B-00C04F79EFBC}") = "TicTacToeMainWindow", "TicTacToeMainWindow\TicTacToeMainWindow.csproj", "{0AEFC46D-6DEE-4691-9692-AA291F5EB24B}"
EndProject
Project("{FAE04EC0-301F-11D3-BF4B-00C04F79EFBC}") = "PlayerSymbolsControl", "PlayerSymbolsControl\PlayerSymbolsControl.csproj", "{C962F766-831B-454F-BA57-14231D9D9FE7}"
EndProject
Global
	GlobalSection(SolutionConfigurationPlatforms) = preSolution
		Debug|Any CPU = Debug|Any CPU
		Release|Any CPU = Release|Any CPU
	EndGlobalSection
	GlobalSection(ProjectConfigurationPlatforms) = postSolution
		{0AEFC46D-6DEE-4691-9692-AA291F5EB24B}.Debug|Any CPU.ActiveCfg = Debug|Any CPU
		{0AEFC46D-6DEE-4691-9692-AA291F5EB24B}.Debug|Any CPU.Build.0 = Debug|Any CPU
		{0AEFC46D-6DEE-4691-9692-AA291F5EB24B}.Release|Any CPU.ActiveCfg = Release|Any CPU
		{0AEFC46D-6DEE-4691-9692-AA291F5EB24B}.Release|Any CPU.Build.0 = Release|Any CPU
		{C962F766-831B-454F-BA57-14231D9D9FE7}.Debug|Any CPU.ActiveCfg = Debug|Any CPU
		{C962F766-831B-454F-BA57-14231D9D9FE7}.Debug|Any CPU.Build.0 = Debug|Any CPU
		{C962F766-831B-454F-BA57-14231D9D9FE7}.Release|Any CPU.ActiveCfg = Release|Any CPU
		{C962F766-831B-454F-BA57-14231D9D9FE7}.Release|Any CPU.Build.0 = Release|Any CPU
	EndGlobalSection
	GlobalSection(SolutionProperties) = preSolution
		HideSolutionNode = FALSE
	EndGlobalSection
	GlobalSection(ExtensibilityGlobals) = postSolution
		SolutionGuid = {025B8638-84FF-4149-9B58-AF3947891486}
	EndGlobalSection
EndGlobal
